
Microsoft Visual Studio Solution File, Format Version 12.00
# Visual Studio Version 17
VisualStudioVersion = 17.9.34728.123
MinimumVisualStudioVersion = 10.0.40219.1
Project("{FAE04EC0-301F-11D3-BF4B-00C04F79EFBC}") = "MediSynth", "MediSynth\MediSynth.csproj", "{A25A1DEC-006E-4F3B-9CAE-DD929EE29141}"
EndProject
Global
	GlobalSection(SolutionConfigurationPlatforms) = preSolution
		Debug|Any CPU = Debug|Any CPU
		Release|Any CPU = Release|Any CPU
	EndGlobalSection
	GlobalSection(ProjectConfigurationPlatforms) = postSolution
		{A25A1DEC-006E-4F3B-9CAE-DD929EE29141}.Debug|Any CPU.ActiveCfg = Debug|Any CPU
		{A25A1DEC-006E-4F3B-9CAE-DD929EE29141}.Debug|Any CPU.Build.0 = Debug|Any CPU
		{A25A1DEC-006E-4F3B-9CAE-DD929EE29141}.Release|Any CPU.ActiveCfg = Release|Any CPU
		{A25A1DEC-006E-4F3B-9CAE-DD929EE29141}.Release|Any CPU.Build.0 = Release|Any CPU
	EndGlobalSection
	GlobalSection(SolutionProperties) = preSolution
		HideSolutionNode = FALSE
	EndGlobalSection
	GlobalSection(ExtensibilityGlobals) = postSolution
		SolutionGuid = {D1F11601-B213-4B3F-BF7E-BDF6F782688C}
	EndGlobalSection
EndGlobal
